{
  "requires": true,
  "lockfileVersion": 1,
  "dependencies": {
    "csv-generate": {
      "version": "4.0.4",
      "resolved": "https://registry.npmjs.org/csv-generate/-/csv-generate-4.0.4.tgz",
      "integrity": "sha512-6/0FOBbF4O+EBSAYsfOXBjIFhyPpfeeeuWEM4XJQhc/6TvDDL9AGFQNPh2SKlFx7VYERBDmZAWnITgaa+z4BJA=="
    },
    "csv-parser": {
      "version": "3.0.0",
      "resolved": "https://registry.npmjs.org/csv-parser/-/csv-parser-3.0.0.tgz",
      "integrity": "sha512-s6OYSXAK3IdKqYO33y09jhypG/bSDHPuyCme/IdEHfWpLf/jKcpitVFyOC6UemgGk8v7Q5u2XE0vvwmanxhGlQ==",
      "requires": {
        "minimist": "^1.2.0"
      }
    },
    "csv-stringify": {
      "version": "6.0.5",
      "resolved": "https://registry.npmjs.org/csv-stringify/-/csv-stringify-6.0.5.tgz",
      "integrity": "sha512-7xpV3uweJCFF/Ssn56l3xsR/k2r3UqszwjEhej9qEn2cCPzyK1WyHCgoUVzBA792x8HbwonNX7CU9XM2K5s5yw=="
    },
    "minimist": {
      "version": "1.2.5",
      "resolved": "https://registry.npmjs.org/minimist/-/minimist-1.2.5.tgz",
      "integrity": "sha512-FM9nNUYrRBAELZQT3xeZQ7fmMOBg6nWNmJKTcgsJeaLstP/UODVpGsr5OhXhhXg6f+qtJ8uiZ+PUxkDWcgIXLw=="
    },
    "node": {
      "version": "17.4.0",
      "resolved": "https://registry.npmjs.org/node/-/node-17.4.0.tgz",
      "integrity": "sha512-/kPlbyQjDJa9NEOPmKSTmHOxgq+7wAMWNdU+8B9cXseQXTaF3xYAiYc9dCh3fDUxnrLR/DIqiYEQ85ICqSya8A==",
      "requires": {
        "node-bin-setup": "^1.0.0"
      }
    },
    "node-bin-setup": {
      "version": "1.1.0",
      "resolved": "https://registry.npmjs.org/node-bin-setup/-/node-bin-setup-1.1.0.tgz",
      "integrity": "sha512-pTeU6NgUrexiLNtd+AKwvg6cngHMvj5FZ5e2bbv2ogBSIc9yhkXSSaTScfSRZnwHIh5YFmYSYlemLWkiKD7rog=="
    },
    "stream-transform": {
      "version": "3.0.4",
      "resolved": "https://registry.npmjs.org/stream-transform/-/stream-transform-3.0.4.tgz",
      "integrity": "sha512-g2jbk1hs3GiF3oHZLbR7Fph/PXh/3xHoz/D8aR2oHySE4xVUvNeTGqihhb1vxFjYyu4inqiTfT42g2MHBjjx0g=="
    }
  }
}
